
Microsoft Visual Studio Solution File, Format Version 12.00
# Visual Studio Version 16
VisualStudioVersion = 16.0.31829.152
MinimumVisualStudioVersion = 10.0.40219.1
Project("{FAE04EC0-301F-11D3-BF4B-00C04F79EFBC}") = "Principal", "Principal\Principal.csproj", "{76EC23E1-2B0E-434F-BBBB-DFF403FF7577}"
EndProject
Project("{FAE04EC0-301F-11D3-BF4B-00C04F79EFBC}") = "Revisao", "Revisao\Revisao.csproj", "{75EE5C21-9C67-4F8B-9581-4A8551DD1B6E}"
EndProject
Global
	GlobalSection(SolutionConfigurationPlatforms) = preSolution
		Debug|Any CPU = Debug|Any CPU
		Release|Any CPU = Release|Any CPU
	EndGlobalSection
	GlobalSection(ProjectConfigurationPlatforms) = postSolution
		{76EC23E1-2B0E-434F-BBBB-DFF403FF7577}.Debug|Any CPU.ActiveCfg = Debug|Any CPU
		{76EC23E1-2B0E-434F-BBBB-DFF403FF7577}.Debug|Any CPU.Build.0 = Debug|Any CPU
		{76EC23E1-2B0E-434F-BBBB-DFF403FF7577}.Release|Any CPU.ActiveCfg = Release|Any CPU
		{76EC23E1-2B0E-434F-BBBB-DFF403FF7577}.Release|Any CPU.Build.0 = Release|Any CPU
		{75EE5C21-9C67-4F8B-9581-4A8551DD1B6E}.Debug|Any CPU.ActiveCfg = Debug|Any CPU
		{75EE5C21-9C67-4F8B-9581-4A8551DD1B6E}.Debug|Any CPU.Build.0 = Debug|Any CPU
		{75EE5C21-9C67-4F8B-9581-4A8551DD1B6E}.Release|Any CPU.ActiveCfg = Release|Any CPU
		{75EE5C21-9C67-4F8B-9581-4A8551DD1B6E}.Release|Any CPU.Build.0 = Release|Any CPU
	EndGlobalSection
	GlobalSection(SolutionProperties) = preSolution
		HideSolutionNode = FALSE
	EndGlobalSection
	GlobalSection(ExtensibilityGlobals) = postSolution
		SolutionGuid = {7A7962FB-C8E4-40A0-BF7B-0BBDC14B77B1}
	EndGlobalSection
EndGlobal
