
Microsoft Visual Studio Solution File, Format Version 12.00
# Visual Studio Version 16
VisualStudioVersion = 16.0.31829.152
MinimumVisualStudioVersion = 10.0.40219.1
Project("{FAE04EC0-301F-11D3-BF4B-00C04F79EFBC}") = "Cronometro", "Cronometro.csproj", "{9F066F52-F621-40FD-8C93-A4E4C79AB52E}"
EndProject
Global
	GlobalSection(SolutionConfigurationPlatforms) = preSolution
		Debug|Any CPU = Debug|Any CPU
		Release|Any CPU = Release|Any CPU
	EndGlobalSection
	GlobalSection(ProjectConfigurationPlatforms) = postSolution
		{9F066F52-F621-40FD-8C93-A4E4C79AB52E}.Debug|Any CPU.ActiveCfg = Debug|Any CPU
		{9F066F52-F621-40FD-8C93-A4E4C79AB52E}.Debug|Any CPU.Build.0 = Debug|Any CPU
		{9F066F52-F621-40FD-8C93-A4E4C79AB52E}.Release|Any CPU.ActiveCfg = Release|Any CPU
		{9F066F52-F621-40FD-8C93-A4E4C79AB52E}.Release|Any CPU.Build.0 = Release|Any CPU
	EndGlobalSection
	GlobalSection(SolutionProperties) = preSolution
		HideSolutionNode = FALSE
	EndGlobalSection
	GlobalSection(ExtensibilityGlobals) = postSolution
		SolutionGuid = {8997366E-E749-45C7-BBB0-F8855228D3DF}
	EndGlobalSection
EndGlobal
