
Microsoft Visual Studio Solution File, Format Version 12.00
# Visual Studio Version 16
VisualStudioVersion = 16.0.31829.152
MinimumVisualStudioVersion = 10.0.40219.1
Project("{FAE04EC0-301F-11D3-BF4B-00C04F79EFBC}") = "exercEstruturaSequencial", "..\solucaoEst.Seq\exercEstruturaSequencial\exercEstruturaSequencial.csproj", "{6E6FC87A-14DB-4938-BCC1-4A2560DBA03F}"
EndProject
Global
	GlobalSection(SolutionConfigurationPlatforms) = preSolution
		Debug|Any CPU = Debug|Any CPU
		Release|Any CPU = Release|Any CPU
	EndGlobalSection
	GlobalSection(ProjectConfigurationPlatforms) = postSolution
		{6E6FC87A-14DB-4938-BCC1-4A2560DBA03F}.Debug|Any CPU.ActiveCfg = Debug|Any CPU
		{6E6FC87A-14DB-4938-BCC1-4A2560DBA03F}.Debug|Any CPU.Build.0 = Debug|Any CPU
		{6E6FC87A-14DB-4938-BCC1-4A2560DBA03F}.Release|Any CPU.ActiveCfg = Release|Any CPU
		{6E6FC87A-14DB-4938-BCC1-4A2560DBA03F}.Release|Any CPU.Build.0 = Release|Any CPU
	EndGlobalSection
	GlobalSection(SolutionProperties) = preSolution
		HideSolutionNode = FALSE
	EndGlobalSection
	GlobalSection(ExtensibilityGlobals) = postSolution
		SolutionGuid = {D563B660-8FF7-4093-99BB-EC331F7BEFFE}
	EndGlobalSection
EndGlobal
